
Microsoft Visual Studio Solution File, Format Version 12.00
# Visual Studio Version 17
VisualStudioVersion = 17.9.34607.119
MinimumVisualStudioVersion = 10.0.40219.1
Project("{FAE04EC0-301F-11D3-BF4B-00C04F79EFBC}") = "WebApplication2", "WebApplication2\WebApplication2.csproj", "{5B68E707-BA87-4DE2-BD43-4EC1C71A4196}"
EndProject
Global
	GlobalSection(SolutionConfigurationPlatforms) = preSolution
		Debug|Any CPU = Debug|Any CPU
		Release|Any CPU = Release|Any CPU
	EndGlobalSection
	GlobalSection(ProjectConfigurationPlatforms) = postSolution
		{5B68E707-BA87-4DE2-BD43-4EC1C71A4196}.Debug|Any CPU.ActiveCfg = Debug|Any CPU
		{5B68E707-BA87-4DE2-BD43-4EC1C71A4196}.Debug|Any CPU.Build.0 = Debug|Any CPU
		{5B68E707-BA87-4DE2-BD43-4EC1C71A4196}.Release|Any CPU.ActiveCfg = Release|Any CPU
		{5B68E707-BA87-4DE2-BD43-4EC1C71A4196}.Release|Any CPU.Build.0 = Release|Any CPU
	EndGlobalSection
	GlobalSection(SolutionProperties) = preSolution
		HideSolutionNode = FALSE
	EndGlobalSection
	GlobalSection(ExtensibilityGlobals) = postSolution
		SolutionGuid = {071FFBFC-AF9F-407E-8265-6379D8EFDA29}
	EndGlobalSection
EndGlobal
